
Microsoft Visual Studio Solution File, Format Version 12.00
# Visual Studio Version 17
VisualStudioVersion = 17.7.34003.232
MinimumVisualStudioVersion = 10.0.40219.1
Project("{FAE04EC0-301F-11D3-BF4B-00C04F79EFBC}") = "ex01", "ex01.csproj", "{ED229094-A95D-4708-8B9B-461F22CDF5CD}"
EndProject
Global
	GlobalSection(SolutionConfigurationPlatforms) = preSolution
		Debug|Any CPU = Debug|Any CPU
		Release|Any CPU = Release|Any CPU
	EndGlobalSection
	GlobalSection(ProjectConfigurationPlatforms) = postSolution
		{ED229094-A95D-4708-8B9B-461F22CDF5CD}.Debug|Any CPU.ActiveCfg = Debug|Any CPU
		{ED229094-A95D-4708-8B9B-461F22CDF5CD}.Debug|Any CPU.Build.0 = Debug|Any CPU
		{ED229094-A95D-4708-8B9B-461F22CDF5CD}.Release|Any CPU.ActiveCfg = Release|Any CPU
		{ED229094-A95D-4708-8B9B-461F22CDF5CD}.Release|Any CPU.Build.0 = Release|Any CPU
	EndGlobalSection
	GlobalSection(SolutionProperties) = preSolution
		HideSolutionNode = FALSE
	EndGlobalSection
	GlobalSection(ExtensibilityGlobals) = postSolution
		SolutionGuid = {55D3B7B0-EA4E-4DAA-9F17-739ADA80A3BE}
	EndGlobalSection
EndGlobal
