
Microsoft Visual Studio Solution File, Format Version 12.00
# Visual Studio Version 17
VisualStudioVersion = 17.7.34003.232
MinimumVisualStudioVersion = 10.0.40219.1
Project("{FAE04EC0-301F-11D3-BF4B-00C04F79EFBC}") = "Ejemplo", "Ejemplo.csproj", "{2712DD62-6BD4-467D-BDC2-07807D2F520F}"
EndProject
Global
	GlobalSection(SolutionConfigurationPlatforms) = preSolution
		Debug|Any CPU = Debug|Any CPU
		Release|Any CPU = Release|Any CPU
	EndGlobalSection
	GlobalSection(ProjectConfigurationPlatforms) = postSolution
		{2712DD62-6BD4-467D-BDC2-07807D2F520F}.Debug|Any CPU.ActiveCfg = Debug|Any CPU
		{2712DD62-6BD4-467D-BDC2-07807D2F520F}.Debug|Any CPU.Build.0 = Debug|Any CPU
		{2712DD62-6BD4-467D-BDC2-07807D2F520F}.Release|Any CPU.ActiveCfg = Release|Any CPU
		{2712DD62-6BD4-467D-BDC2-07807D2F520F}.Release|Any CPU.Build.0 = Release|Any CPU
	EndGlobalSection
	GlobalSection(SolutionProperties) = preSolution
		HideSolutionNode = FALSE
	EndGlobalSection
	GlobalSection(ExtensibilityGlobals) = postSolution
		SolutionGuid = {530F9F84-431C-4931-AA44-648D45EDDB8E}
	EndGlobalSection
EndGlobal
